
Microsoft Visual Studio Solution File, Format Version 12.00
# Visual Studio Version 17
VisualStudioVersion = 17.7.34202.233
MinimumVisualStudioVersion = 10.0.40219.1
Project("{8BC9CEB8-8B4A-11D0-8D11-00A0C91BC942}") = "Bai1", "Bai1\Bai1.vcxproj", "{97DFD95A-0B2C-41E1-9BEB-97C490BD33D2}"
EndProject
Project("{8BC9CEB8-8B4A-11D0-8D11-00A0C91BC942}") = "Bai2", "Bai2\Bai2.vcxproj", "{F00ECA9E-1153-4955-80A9-AE4AA456F3E0}"
EndProject
Project("{8BC9CEB8-8B4A-11D0-8D11-00A0C91BC942}") = "Bai3", "Bai3\Bai3.vcxproj", "{13AD2597-54D1-412E-8850-F6B5E11BDAEB}"
EndProject
Project("{8BC9CEB8-8B4A-11D0-8D11-00A0C91BC942}") = "Bai4", "Bai4\Bai4.vcxproj", "{1F76DA34-3B2B-4A7E-80F5-375C98E6B113}"
EndProject
Project("{8BC9CEB8-8B4A-11D0-8D11-00A0C91BC942}") = "Bai5", "Bai5\Bai5.vcxproj", "{D36FD1F1-5E4B-49DC-B7A7-0208B275BDE8}"
EndProject
Project("{8BC9CEB8-8B4A-11D0-8D11-00A0C91BC942}") = "Bai6", "Bai6\Bai6.vcxproj", "{1445E0CC-BDC1-4637-A188-3D1D72196F3C}"
EndProject
Project("{8BC9CEB8-8B4A-11D0-8D11-00A0C91BC942}") = "Bai7", "Bai7\Bai7.vcxproj", "{CC4AA628-9802-47CC-B634-66C8AC1BDA98}"
EndProject
Project("{8BC9CEB8-8B4A-11D0-8D11-00A0C91BC942}") = "bai8", "bai8\bai8.vcxproj", "{5913DE8B-BB6F-40F4-8D8C-0315ED379B75}"
EndProject
Project("{8BC9CEB8-8B4A-11D0-8D11-00A0C91BC942}") = "bai9", "bai9\bai9.vcxproj", "{7D62C3B5-2794-4816-ABE0-14BD1388EE96}"
EndProject
Global
	GlobalSection(SolutionConfigurationPlatforms) = preSolution
		Debug|x64 = Debug|x64
		Debug|x86 = Debug|x86
		Release|x64 = Release|x64
		Release|x86 = Release|x86
	EndGlobalSection
	GlobalSection(ProjectConfigurationPlatforms) = postSolution
		{97DFD95A-0B2C-41E1-9BEB-97C490BD33D2}.Debug|x64.ActiveCfg = Debug|x64
		{97DFD95A-0B2C-41E1-9BEB-97C490BD33D2}.Debug|x64.Build.0 = Debug|x64
		{97DFD95A-0B2C-41E1-9BEB-97C490BD33D2}.Debug|x86.ActiveCfg = Debug|Win32
		{97DFD95A-0B2C-41E1-9BEB-97C490BD33D2}.Debug|x86.Build.0 = Debug|Win32
		{97DFD95A-0B2C-41E1-9BEB-97C490BD33D2}.Release|x64.ActiveCfg = Release|x64
		{97DFD95A-0B2C-41E1-9BEB-97C490BD33D2}.Release|x64.Build.0 = Release|x64
		{97DFD95A-0B2C-41E1-9BEB-97C490BD33D2}.Release|x86.ActiveCfg = Release|Win32
		{97DFD95A-0B2C-41E1-9BEB-97C490BD33D2}.Release|x86.Build.0 = Release|Win32
		{F00ECA9E-1153-4955-80A9-AE4AA456F3E0}.Debug|x64.ActiveCfg = Debug|x64
		{F00ECA9E-1153-4955-80A9-AE4AA456F3E0}.Debug|x64.Build.0 = Debug|x64
		{F00ECA9E-1153-4955-80A9-AE4AA456F3E0}.Debug|x86.ActiveCfg = Debug|Win32
		{F00ECA9E-1153-4955-80A9-AE4AA456F3E0}.Debug|x86.Build.0 = Debug|Win32
		{F00ECA9E-1153-4955-80A9-AE4AA456F3E0}.Release|x64.ActiveCfg = Release|x64
		{F00ECA9E-1153-4955-80A9-AE4AA456F3E0}.Release|x64.Build.0 = Release|x64
		{F00ECA9E-1153-4955-80A9-AE4AA456F3E0}.Release|x86.ActiveCfg = Release|Win32
		{F00ECA9E-1153-4955-80A9-AE4AA456F3E0}.Release|x86.Build.0 = Release|Win32
		{13AD2597-54D1-412E-8850-F6B5E11BDAEB}.Debug|x64.ActiveCfg = Debug|x64
		{13AD2597-54D1-412E-8850-F6B5E11BDAEB}.Debug|x64.Build.0 = Debug|x64
		{13AD2597-54D1-412E-8850-F6B5E11BDAEB}.Debug|x86.ActiveCfg = Debug|Win32
		{13AD2597-54D1-412E-8850-F6B5E11BDAEB}.Debug|x86.Build.0 = Debug|Win32
		{13AD2597-54D1-412E-8850-F6B5E11BDAEB}.Release|x64.ActiveCfg = Release|x64
		{13AD2597-54D1-412E-8850-F6B5E11BDAEB}.Release|x64.Build.0 = Release|x64
		{13AD2597-54D1-412E-8850-F6B5E11BDAEB}.Release|x86.ActiveCfg = Release|Win32
		{13AD2597-54D1-412E-8850-F6B5E11BDAEB}.Release|x86.Build.0 = Release|Win32
		{1F76DA34-3B2B-4A7E-80F5-375C98E6B113}.Debug|x64.ActiveCfg = Debug|x64
		{1F76DA34-3B2B-4A7E-80F5-375C98E6B113}.Debug|x64.Build.0 = Debug|x64
		{1F76DA34-3B2B-4A7E-80F5-375C98E6B113}.Debug|x86.ActiveCfg = Debug|Win32
		{1F76DA34-3B2B-4A7E-80F5-375C98E6B113}.Debug|x86.Build.0 = Debug|Win32
		{1F76DA34-3B2B-4A7E-80F5-375C98E6B113}.Release|x64.ActiveCfg = Release|x64
		{1F76DA34-3B2B-4A7E-80F5-375C98E6B113}.Release|x64.Build.0 = Release|x64
		{1F76DA34-3B2B-4A7E-80F5-375C98E6B113}.Release|x86.ActiveCfg = Release|Win32
		{1F76DA34-3B2B-4A7E-80F5-375C98E6B113}.Release|x86.Build.0 = Release|Win32
		{D36FD1F1-5E4B-49DC-B7A7-0208B275BDE8}.Debug|x64.ActiveCfg = Debug|x64
		{D36FD1F1-5E4B-49DC-B7A7-0208B275BDE8}.Debug|x64.Build.0 = Debug|x64
		{D36FD1F1-5E4B-49DC-B7A7-0208B275BDE8}.Debug|x86.ActiveCfg = Debug|Win32
		{D36FD1F1-5E4B-49DC-B7A7-0208B275BDE8}.Debug|x86.Build.0 = Debug|Win32
		{D36FD1F1-5E4B-49DC-B7A7-0208B275BDE8}.Release|x64.ActiveCfg = Release|x64
		{D36FD1F1-5E4B-49DC-B7A7-0208B275BDE8}.Release|x64.Build.0 = Release|x64
		{D36FD1F1-5E4B-49DC-B7A7-0208B275BDE8}.Release|x86.ActiveCfg = Release|Win32
		{D36FD1F1-5E4B-49DC-B7A7-0208B275BDE8}.Release|x86.Build.0 = Release|Win32
		{1445E0CC-BDC1-4637-A188-3D1D72196F3C}.Debug|x64.ActiveCfg = Debug|x64
		{1445E0CC-BDC1-4637-A188-3D1D72196F3C}.Debug|x64.Build.0 = Debug|x64
		{1445E0CC-BDC1-4637-A188-3D1D72196F3C}.Debug|x86.ActiveCfg = Debug|Win32
		{1445E0CC-BDC1-4637-A188-3D1D72196F3C}.Debug|x86.Build.0 = Debug|Win32
		{1445E0CC-BDC1-4637-A188-3D1D72196F3C}.Release|x64.ActiveCfg = Release|x64
		{1445E0CC-BDC1-4637-A188-3D1D72196F3C}.Release|x64.Build.0 = Release|x64
		{1445E0CC-BDC1-4637-A188-3D1D72196F3C}.Release|x86.ActiveCfg = Release|Win32
		{1445E0CC-BDC1-4637-A188-3D1D72196F3C}.Release|x86.Build.0 = Release|Win32
		{CC4AA628-9802-47CC-B634-66C8AC1BDA98}.Debug|x64.ActiveCfg = Debug|x64
		{CC4AA628-9802-47CC-B634-66C8AC1BDA98}.Debug|x64.Build.0 = Debug|x64
		{CC4AA628-9802-47CC-B634-66C8AC1BDA98}.Debug|x86.ActiveCfg = Debug|Win32
		{CC4AA628-9802-47CC-B634-66C8AC1BDA98}.Debug|x86.Build.0 = Debug|Win32
		{CC4AA628-9802-47CC-B634-66C8AC1BDA98}.Release|x64.ActiveCfg = Release|x64
		{CC4AA628-9802-47CC-B634-66C8AC1BDA98}.Release|x64.Build.0 = Release|x64
		{CC4AA628-9802-47CC-B634-66C8AC1BDA98}.Release|x86.ActiveCfg = Release|Win32
		{CC4AA628-9802-47CC-B634-66C8AC1BDA98}.Release|x86.Build.0 = Release|Win32
		{5913DE8B-BB6F-40F4-8D8C-0315ED379B75}.Debug|x64.ActiveCfg = Debug|x64
		{5913DE8B-BB6F-40F4-8D8C-0315ED379B75}.Debug|x64.Build.0 = Debug|x64
		{5913DE8B-BB6F-40F4-8D8C-0315ED379B75}.Debug|x86.ActiveCfg = Debug|Win32
		{5913DE8B-BB6F-40F4-8D8C-0315ED379B75}.Debug|x86.Build.0 = Debug|Win32
		{5913DE8B-BB6F-40F4-8D8C-0315ED379B75}.Release|x64.ActiveCfg = Release|x64
		{5913DE8B-BB6F-40F4-8D8C-0315ED379B75}.Release|x64.Build.0 = Release|x64
		{5913DE8B-BB6F-40F4-8D8C-0315ED379B75}.Release|x86.ActiveCfg = Release|Win32
		{5913DE8B-BB6F-40F4-8D8C-0315ED379B75}.Release|x86.Build.0 = Release|Win32
		{7D62C3B5-2794-4816-ABE0-14BD1388EE96}.Debug|x64.ActiveCfg = Debug|x64
		{7D62C3B5-2794-4816-ABE0-14BD1388EE96}.Debug|x64.Build.0 = Debug|x64
		{7D62C3B5-2794-4816-ABE0-14BD1388EE96}.Debug|x86.ActiveCfg = Debug|Win32
		{7D62C3B5-2794-4816-ABE0-14BD1388EE96}.Debug|x86.Build.0 = Debug|Win32
		{7D62C3B5-2794-4816-ABE0-14BD1388EE96}.Release|x64.ActiveCfg = Release|x64
		{7D62C3B5-2794-4816-ABE0-14BD1388EE96}.Release|x64.Build.0 = Release|x64
		{7D62C3B5-2794-4816-ABE0-14BD1388EE96}.Release|x86.ActiveCfg = Release|Win32
		{7D62C3B5-2794-4816-ABE0-14BD1388EE96}.Release|x86.Build.0 = Release|Win32
	EndGlobalSection
	GlobalSection(SolutionProperties) = preSolution
		HideSolutionNode = FALSE
	EndGlobalSection
	GlobalSection(ExtensibilityGlobals) = postSolution
		SolutionGuid = {02401E0D-1DA7-4016-9AEF-A44AA8BEBE93}
	EndGlobalSection
EndGlobal
